
Microsoft Visual Studio Solution File, Format Version 12.00
# Visual Studio Version 16
VisualStudioVersion = 16.0.29009.5
MinimumVisualStudioVersion = 10.0.40219.1
Project("{8BC9CEB8-8B4A-11D0-8D11-00A0C91BC942}") = "dyc520", "dyc520\dyc520.vcxproj", "{C6564283-99EF-4FA6-A31A-01596A72359E}"
EndProject
Global
	GlobalSection(SolutionConfigurationPlatforms) = preSolution
		Debug|x64 = Debug|x64
		Debug|x86 = Debug|x86
		Release|x64 = Release|x64
		Release|x86 = Release|x86
	EndGlobalSection
	GlobalSection(ProjectConfigurationPlatforms) = postSolution
		{C6564283-99EF-4FA6-A31A-01596A72359E}.Debug|x64.ActiveCfg = Debug|x64
		{C6564283-99EF-4FA6-A31A-01596A72359E}.Debug|x64.Build.0 = Debug|x64
		{C6564283-99EF-4FA6-A31A-01596A72359E}.Debug|x86.ActiveCfg = Debug|Win32
		{C6564283-99EF-4FA6-A31A-01596A72359E}.Debug|x86.Build.0 = Debug|Win32
		{C6564283-99EF-4FA6-A31A-01596A72359E}.Release|x64.ActiveCfg = Release|x64
		{C6564283-99EF-4FA6-A31A-01596A72359E}.Release|x64.Build.0 = Release|x64
		{C6564283-99EF-4FA6-A31A-01596A72359E}.Release|x86.ActiveCfg = Release|Win32
		{C6564283-99EF-4FA6-A31A-01596A72359E}.Release|x86.Build.0 = Release|Win32
	EndGlobalSection
	GlobalSection(SolutionProperties) = preSolution
		HideSolutionNode = FALSE
	EndGlobalSection
	GlobalSection(ExtensibilityGlobals) = postSolution
		SolutionGuid = {5DEB4512-4A5B-41BC-9E7D-36C6B14380BF}
	EndGlobalSection
EndGlobal
